
Microsoft Visual Studio Solution File, Format Version 12.00
# Visual Studio 2013
VisualStudioVersion = 12.0.40629.0
MinimumVisualStudioVersion = 10.0.40219.1
Project("{FAE04EC0-301F-11D3-BF4B-00C04F79EFBC}") = "BE", "BE\BE.csproj", "{C47BC280-F42F-46B2-B11C-E684C19DC5A6}"
EndProject
Project("{FAE04EC0-301F-11D3-BF4B-00C04F79EFBC}") = "DAL", "DAL\DAL.csproj", "{09BCE793-2376-4FAF-9D2B-7752BF9541F8}"
EndProject
Project("{FAE04EC0-301F-11D3-BF4B-00C04F79EFBC}") = "DS", "DS\DS.csproj", "{D242E06A-4050-4984-B05C-A36430EBEB80}"
EndProject
Project("{FAE04EC0-301F-11D3-BF4B-00C04F79EFBC}") = "BL", "BL\BL.csproj", "{4FDA38A6-3CA0-4F16-BB32-187A86059351}"
EndProject
Project("{FAE04EC0-301F-11D3-BF4B-00C04F79EFBC}") = "PL", "Console UI\PL.csproj", "{CA8920D7-8493-4048-A9A1-31FBD249BE5E}"
EndProject
Project("{FAE04EC0-301F-11D3-BF4B-00C04F79EFBC}") = "PLForms", "PLForms\PLForms.csproj", "{85963534-8091-464F-BDDE-897167263D1E}"
EndProject
Global
	GlobalSection(SolutionConfigurationPlatforms) = preSolution
		Debug|Any CPU = Debug|Any CPU
		Release|Any CPU = Release|Any CPU
	EndGlobalSection
	GlobalSection(ProjectConfigurationPlatforms) = postSolution
		{C47BC280-F42F-46B2-B11C-E684C19DC5A6}.Debug|Any CPU.ActiveCfg = Debug|Any CPU
		{C47BC280-F42F-46B2-B11C-E684C19DC5A6}.Debug|Any CPU.Build.0 = Debug|Any CPU
		{C47BC280-F42F-46B2-B11C-E684C19DC5A6}.Release|Any CPU.ActiveCfg = Release|Any CPU
		{C47BC280-F42F-46B2-B11C-E684C19DC5A6}.Release|Any CPU.Build.0 = Release|Any CPU
		{09BCE793-2376-4FAF-9D2B-7752BF9541F8}.Debug|Any CPU.ActiveCfg = Debug|Any CPU
		{09BCE793-2376-4FAF-9D2B-7752BF9541F8}.Debug|Any CPU.Build.0 = Debug|Any CPU
		{09BCE793-2376-4FAF-9D2B-7752BF9541F8}.Release|Any CPU.ActiveCfg = Release|Any CPU
		{09BCE793-2376-4FAF-9D2B-7752BF9541F8}.Release|Any CPU.Build.0 = Release|Any CPU
		{D242E06A-4050-4984-B05C-A36430EBEB80}.Debug|Any CPU.ActiveCfg = Debug|Any CPU
		{D242E06A-4050-4984-B05C-A36430EBEB80}.Debug|Any CPU.Build.0 = Debug|Any CPU
		{D242E06A-4050-4984-B05C-A36430EBEB80}.Release|Any CPU.ActiveCfg = Release|Any CPU
		{D242E06A-4050-4984-B05C-A36430EBEB80}.Release|Any CPU.Build.0 = Release|Any CPU
		{4FDA38A6-3CA0-4F16-BB32-187A86059351}.Debug|Any CPU.ActiveCfg = Debug|Any CPU
		{4FDA38A6-3CA0-4F16-BB32-187A86059351}.Debug|Any CPU.Build.0 = Debug|Any CPU
		{4FDA38A6-3CA0-4F16-BB32-187A86059351}.Release|Any CPU.ActiveCfg = Release|Any CPU
		{4FDA38A6-3CA0-4F16-BB32-187A86059351}.Release|Any CPU.Build.0 = Release|Any CPU
		{CA8920D7-8493-4048-A9A1-31FBD249BE5E}.Debug|Any CPU.ActiveCfg = Debug|Any CPU
		{CA8920D7-8493-4048-A9A1-31FBD249BE5E}.Debug|Any CPU.Build.0 = Debug|Any CPU
		{CA8920D7-8493-4048-A9A1-31FBD249BE5E}.Release|Any CPU.ActiveCfg = Release|Any CPU
		{CA8920D7-8493-4048-A9A1-31FBD249BE5E}.Release|Any CPU.Build.0 = Release|Any CPU
		{85963534-8091-464F-BDDE-897167263D1E}.Debug|Any CPU.ActiveCfg = Debug|Any CPU
		{85963534-8091-464F-BDDE-897167263D1E}.Debug|Any CPU.Build.0 = Debug|Any CPU
		{85963534-8091-464F-BDDE-897167263D1E}.Release|Any CPU.ActiveCfg = Release|Any CPU
		{85963534-8091-464F-BDDE-897167263D1E}.Release|Any CPU.Build.0 = Release|Any CPU
	EndGlobalSection
	GlobalSection(SolutionProperties) = preSolution
		HideSolutionNode = FALSE
	EndGlobalSection
EndGlobal
